
Microsoft Visual Studio Solution File, Format Version 12.00
# Visual Studio Version 17
VisualStudioVersion = 17.6.33815.320
MinimumVisualStudioVersion = 10.0.40219.1
Project("{9A19103F-16F7-4668-BE54-9A1E7A4F7556}") = "WebApi", "WebApi\WebApi.csproj", "{9B24965A-9436-4AD6-94D8-DAC776C76998}"
EndProject
Project("{2150E333-8FDC-42A3-9474-1A3956D46DE8}") = "Models", "Models", "{6E6EEBF9-BBF1-48B1-B92E-A27B819615C0}"
EndProject
Project("{2150E333-8FDC-42A3-9474-1A3956D46DE8}") = "External", "External", "{3288B485-CBFE-4AD2-8EEA-E601B75CAB2B}"
EndProject
Project("{2150E333-8FDC-42A3-9474-1A3956D46DE8}") = "DbRepository", "DbRepository", "{3D2BB3D7-3D75-4EB4-9D7E-7A55E111B2D3}"
EndProject
Project("{2150E333-8FDC-42A3-9474-1A3956D46DE8}") = "Logic", "Logic", "{08859420-6E43-4F84-93F4-FEF79E3AA7A3}"
EndProject
Project("{9A19103F-16F7-4668-BE54-9A1E7A4F7556}") = "Model", "Model\Model.csproj", "{42896E13-84E5-49AD-BB39-7B7DE9ED622A}"
EndProject
Project("{9A19103F-16F7-4668-BE54-9A1E7A4F7556}") = "Authentication", "Logic\Authentication\Authentication.csproj", "{BE2A44E0-A73E-4251-BDA5-5A59DDCDA4D9}"
EndProject
Project("{9A19103F-16F7-4668-BE54-9A1E7A4F7556}") = "Common", "External\Common\Common.csproj", "{3F1C3AA8-58F5-4DF8-A162-A5556348697E}"
EndProject
Project("{9A19103F-16F7-4668-BE54-9A1E7A4F7556}") = "Repository", "DbRepository\Repository\Repository.csproj", "{99A305C3-2DF5-43A4-BD94-60017DD4BE7B}"
EndProject
Project("{9A19103F-16F7-4668-BE54-9A1E7A4F7556}") = "Sys", "Logic\Sys\Sys.csproj", "{E6A045D0-5426-498A-8235-FFA0AF69AB17}"
EndProject
Project("{9A19103F-16F7-4668-BE54-9A1E7A4F7556}") = "SysTools", "SysTools\SysTools.csproj", "{6268019F-9AF8-4B8A-9826-B043FF0480CA}"
EndProject
Project("{9A19103F-16F7-4668-BE54-9A1E7A4F7556}") = "LogicBase", "Logic\LogicBase\LogicBase.csproj", "{E04192CB-0CD9-4C46-9DA1-9AB70BB04E0C}"
EndProject
Project("{9A19103F-16F7-4668-BE54-9A1E7A4F7556}") = "Aliyun", "External\Aliyun\Aliyun.csproj", "{8AD6AB69-DA3F-455B-8ACC-858F605F86EC}"
EndProject
Project("{9A19103F-16F7-4668-BE54-9A1E7A4F7556}") = "LogicCommon", "Logic\LogicCommon\LogicCommon.csproj", "{DF912FB3-42D6-483F-A434-4D1914D6D807}"
EndProject
Project("{9A19103F-16F7-4668-BE54-9A1E7A4F7556}") = "BaseInfo", "Logic\BaseInfo\BaseInfo.csproj", "{8D2228A5-EA2B-43B8-AB15-06E4FDEB3D83}"
EndProject
Project("{9A19103F-16F7-4668-BE54-9A1E7A4F7556}") = "Inventory", "Logic\Inventory\Inventory.csproj", "{C7BF1B69-DFE5-4CAB-A780-D2D3889254FB}"
EndProject
Project("{9A19103F-16F7-4668-BE54-9A1E7A4F7556}") = "LogicDependencyInjection", "Logic\LogicDependencyInjection\LogicDependencyInjection.csproj", "{221290B0-F3E0-454C-9D65-72077FEC3307}"
EndProject
Project("{9A19103F-16F7-4668-BE54-9A1E7A4F7556}") = "Cache", "External\Cache\Cache.csproj", "{DFF1F983-6B86-43AB-8A3B-B9822C367000}"
EndProject
Project("{9A19103F-16F7-4668-BE54-9A1E7A4F7556}") = "MQ", "External\MQ\MQ.csproj", "{33CB19BE-292A-4EF9-8E76-A4DFDEE612EC}"
EndProject
Project("{9A19103F-16F7-4668-BE54-9A1E7A4F7556}") = "ScheduleJob", "Logic\ScheduleJob\ScheduleJob.csproj", "{EC1438AC-F11F-4306-BE66-445F13BF51B3}"
EndProject
Project("{9A19103F-16F7-4668-BE54-9A1E7A4F7556}") = "OpenAI", "External\OpenAI\OpenAI.csproj", "{4E6EBF61-4771-4E97-88B0-37FFAC09A183}"
EndProject
Project("{9A19103F-16F7-4668-BE54-9A1E7A4F7556}") = "ProductOffLine", "Logic\ProdctOffLine\ProductOffLine.csproj", "{7C93D564-3C1F-41B0-9D00-C416D148957C}"
EndProject
Project("{9A19103F-16F7-4668-BE54-9A1E7A4F7556}") = "MinIOService", "External\MinIOService\MinIOService.csproj", "{4FB65EA1-F904-4E30-8F3B-68FAA6A62DE3}"
EndProject
Project("{9A19103F-16F7-4668-BE54-9A1E7A4F7556}") = "Purchase", "Logic\Purchase\Purchase.csproj", "{338E4E5F-DAC0-4159-A158-9B9EA81BD02B}"
EndProject
Project("{9A19103F-16F7-4668-BE54-9A1E7A4F7556}") = "Label", "Logic\Label\Label.csproj", "{FDDCDB1F-B3F9-492A-A4B2-0CDD2F6C629F}"
EndProject
Project("{9A19103F-16F7-4668-BE54-9A1E7A4F7556}") = "Socket", "External\Socket\Socket.csproj", "{623566D5-1D4E-42C3-9797-C0E0B54EC7D3}"
EndProject
Project("{9A19103F-16F7-4668-BE54-9A1E7A4F7556}") = "PlanMaterial", "Logic\PlanMaterial\PlanMaterial.csproj", "{D8C867BE-0C2A-4CDA-A62D-DD4AFD69C5C7}"
EndProject
Project("{9A19103F-16F7-4668-BE54-9A1E7A4F7556}") = "Report", "Logic\Report\Report.csproj", "{77BD501D-B8F9-43D9-BD5E-5354D77DB31C}"
EndProject
Project("{FAE04EC0-301F-11D3-BF4B-00C04F79EFBC}") = "AutomationDevice", "Logic\AutomationDevice\AutomationDevice.csproj", "{BFCA3A75-DDED-42B8-AAE1-757DD805FF89}"
EndProject
Project("{FAE04EC0-301F-11D3-BF4B-00C04F79EFBC}") = "HIK_RCS", "External\HIK_RCS\HIK_RCS.csproj", "{46E4A4B4-AD0B-45C6-9B39-2DC894ACD68A}"
EndProject
Project("{FAE04EC0-301F-11D3-BF4B-00C04F79EFBC}") = "Order", "Logic\Order\Order.csproj", "{DE8F72C2-9154-4C06-99C8-60E498B9682D}"
EndProject
Global
	GlobalSection(SolutionConfigurationPlatforms) = preSolution
		Debug|Any CPU = Debug|Any CPU
		Release|Any CPU = Release|Any CPU
	EndGlobalSection
	GlobalSection(ProjectConfigurationPlatforms) = postSolution
		{9B24965A-9436-4AD6-94D8-DAC776C76998}.Debug|Any CPU.ActiveCfg = Debug|Any CPU
		{9B24965A-9436-4AD6-94D8-DAC776C76998}.Debug|Any CPU.Build.0 = Debug|Any CPU
		{9B24965A-9436-4AD6-94D8-DAC776C76998}.Release|Any CPU.ActiveCfg = Release|Any CPU
		{9B24965A-9436-4AD6-94D8-DAC776C76998}.Release|Any CPU.Build.0 = Release|Any CPU
		{42896E13-84E5-49AD-BB39-7B7DE9ED622A}.Debug|Any CPU.ActiveCfg = Debug|Any CPU
		{42896E13-84E5-49AD-BB39-7B7DE9ED622A}.Debug|Any CPU.Build.0 = Debug|Any CPU
		{42896E13-84E5-49AD-BB39-7B7DE9ED622A}.Release|Any CPU.ActiveCfg = Release|Any CPU
		{42896E13-84E5-49AD-BB39-7B7DE9ED622A}.Release|Any CPU.Build.0 = Release|Any CPU
		{BE2A44E0-A73E-4251-BDA5-5A59DDCDA4D9}.Debug|Any CPU.ActiveCfg = Debug|Any CPU
		{BE2A44E0-A73E-4251-BDA5-5A59DDCDA4D9}.Debug|Any CPU.Build.0 = Debug|Any CPU
		{BE2A44E0-A73E-4251-BDA5-5A59DDCDA4D9}.Release|Any CPU.ActiveCfg = Release|Any CPU
		{BE2A44E0-A73E-4251-BDA5-5A59DDCDA4D9}.Release|Any CPU.Build.0 = Release|Any CPU
		{3F1C3AA8-58F5-4DF8-A162-A5556348697E}.Debug|Any CPU.ActiveCfg = Debug|Any CPU
		{3F1C3AA8-58F5-4DF8-A162-A5556348697E}.Debug|Any CPU.Build.0 = Debug|Any CPU
		{3F1C3AA8-58F5-4DF8-A162-A5556348697E}.Release|Any CPU.ActiveCfg = Release|Any CPU
		{3F1C3AA8-58F5-4DF8-A162-A5556348697E}.Release|Any CPU.Build.0 = Release|Any CPU
		{99A305C3-2DF5-43A4-BD94-60017DD4BE7B}.Debug|Any CPU.ActiveCfg = Debug|Any CPU
		{99A305C3-2DF5-43A4-BD94-60017DD4BE7B}.Debug|Any CPU.Build.0 = Debug|Any CPU
		{99A305C3-2DF5-43A4-BD94-60017DD4BE7B}.Release|Any CPU.ActiveCfg = Release|Any CPU
		{99A305C3-2DF5-43A4-BD94-60017DD4BE7B}.Release|Any CPU.Build.0 = Release|Any CPU
		{E6A045D0-5426-498A-8235-FFA0AF69AB17}.Debug|Any CPU.ActiveCfg = Debug|Any CPU
		{E6A045D0-5426-498A-8235-FFA0AF69AB17}.Debug|Any CPU.Build.0 = Debug|Any CPU
		{E6A045D0-5426-498A-8235-FFA0AF69AB17}.Release|Any CPU.ActiveCfg = Release|Any CPU
		{E6A045D0-5426-498A-8235-FFA0AF69AB17}.Release|Any CPU.Build.0 = Release|Any CPU
		{6268019F-9AF8-4B8A-9826-B043FF0480CA}.Debug|Any CPU.ActiveCfg = Debug|Any CPU
		{6268019F-9AF8-4B8A-9826-B043FF0480CA}.Debug|Any CPU.Build.0 = Debug|Any CPU
		{6268019F-9AF8-4B8A-9826-B043FF0480CA}.Release|Any CPU.ActiveCfg = Release|Any CPU
		{6268019F-9AF8-4B8A-9826-B043FF0480CA}.Release|Any CPU.Build.0 = Release|Any CPU
		{E04192CB-0CD9-4C46-9DA1-9AB70BB04E0C}.Debug|Any CPU.ActiveCfg = Debug|Any CPU
		{E04192CB-0CD9-4C46-9DA1-9AB70BB04E0C}.Debug|Any CPU.Build.0 = Debug|Any CPU
		{E04192CB-0CD9-4C46-9DA1-9AB70BB04E0C}.Release|Any CPU.ActiveCfg = Release|Any CPU
		{E04192CB-0CD9-4C46-9DA1-9AB70BB04E0C}.Release|Any CPU.Build.0 = Release|Any CPU
		{8AD6AB69-DA3F-455B-8ACC-858F605F86EC}.Debug|Any CPU.ActiveCfg = Debug|Any CPU
		{8AD6AB69-DA3F-455B-8ACC-858F605F86EC}.Debug|Any CPU.Build.0 = Debug|Any CPU
		{8AD6AB69-DA3F-455B-8ACC-858F605F86EC}.Release|Any CPU.ActiveCfg = Release|Any CPU
		{8AD6AB69-DA3F-455B-8ACC-858F605F86EC}.Release|Any CPU.Build.0 = Release|Any CPU
		{DF912FB3-42D6-483F-A434-4D1914D6D807}.Debug|Any CPU.ActiveCfg = Debug|Any CPU
		{DF912FB3-42D6-483F-A434-4D1914D6D807}.Debug|Any CPU.Build.0 = Debug|Any CPU
		{DF912FB3-42D6-483F-A434-4D1914D6D807}.Release|Any CPU.ActiveCfg = Release|Any CPU
		{DF912FB3-42D6-483F-A434-4D1914D6D807}.Release|Any CPU.Build.0 = Release|Any CPU
		{8D2228A5-EA2B-43B8-AB15-06E4FDEB3D83}.Debug|Any CPU.ActiveCfg = Debug|Any CPU
		{8D2228A5-EA2B-43B8-AB15-06E4FDEB3D83}.Debug|Any CPU.Build.0 = Debug|Any CPU
		{8D2228A5-EA2B-43B8-AB15-06E4FDEB3D83}.Release|Any CPU.ActiveCfg = Release|Any CPU
		{8D2228A5-EA2B-43B8-AB15-06E4FDEB3D83}.Release|Any CPU.Build.0 = Release|Any CPU
		{C7BF1B69-DFE5-4CAB-A780-D2D3889254FB}.Debug|Any CPU.ActiveCfg = Debug|Any CPU
		{C7BF1B69-DFE5-4CAB-A780-D2D3889254FB}.Debug|Any CPU.Build.0 = Debug|Any CPU
		{C7BF1B69-DFE5-4CAB-A780-D2D3889254FB}.Release|Any CPU.ActiveCfg = Release|Any CPU
		{C7BF1B69-DFE5-4CAB-A780-D2D3889254FB}.Release|Any CPU.Build.0 = Release|Any CPU
		{221290B0-F3E0-454C-9D65-72077FEC3307}.Debug|Any CPU.ActiveCfg = Debug|Any CPU
		{221290B0-F3E0-454C-9D65-72077FEC3307}.Debug|Any CPU.Build.0 = Debug|Any CPU
		{221290B0-F3E0-454C-9D65-72077FEC3307}.Release|Any CPU.ActiveCfg = Release|Any CPU
		{221290B0-F3E0-454C-9D65-72077FEC3307}.Release|Any CPU.Build.0 = Release|Any CPU
		{DFF1F983-6B86-43AB-8A3B-B9822C367000}.Debug|Any CPU.ActiveCfg = Debug|Any CPU
		{DFF1F983-6B86-43AB-8A3B-B9822C367000}.Debug|Any CPU.Build.0 = Debug|Any CPU
		{DFF1F983-6B86-43AB-8A3B-B9822C367000}.Release|Any CPU.ActiveCfg = Release|Any CPU
		{DFF1F983-6B86-43AB-8A3B-B9822C367000}.Release|Any CPU.Build.0 = Release|Any CPU
		{33CB19BE-292A-4EF9-8E76-A4DFDEE612EC}.Debug|Any CPU.ActiveCfg = Debug|Any CPU
		{33CB19BE-292A-4EF9-8E76-A4DFDEE612EC}.Debug|Any CPU.Build.0 = Debug|Any CPU
		{33CB19BE-292A-4EF9-8E76-A4DFDEE612EC}.Release|Any CPU.ActiveCfg = Release|Any CPU
		{33CB19BE-292A-4EF9-8E76-A4DFDEE612EC}.Release|Any CPU.Build.0 = Release|Any CPU
		{EC1438AC-F11F-4306-BE66-445F13BF51B3}.Debug|Any CPU.ActiveCfg = Debug|Any CPU
		{EC1438AC-F11F-4306-BE66-445F13BF51B3}.Debug|Any CPU.Build.0 = Debug|Any CPU
		{EC1438AC-F11F-4306-BE66-445F13BF51B3}.Release|Any CPU.ActiveCfg = Release|Any CPU
		{EC1438AC-F11F-4306-BE66-445F13BF51B3}.Release|Any CPU.Build.0 = Release|Any CPU
		{4E6EBF61-4771-4E97-88B0-37FFAC09A183}.Debug|Any CPU.ActiveCfg = Debug|Any CPU
		{4E6EBF61-4771-4E97-88B0-37FFAC09A183}.Debug|Any CPU.Build.0 = Debug|Any CPU
		{4E6EBF61-4771-4E97-88B0-37FFAC09A183}.Release|Any CPU.ActiveCfg = Release|Any CPU
		{4E6EBF61-4771-4E97-88B0-37FFAC09A183}.Release|Any CPU.Build.0 = Release|Any CPU
		{7C93D564-3C1F-41B0-9D00-C416D148957C}.Debug|Any CPU.ActiveCfg = Debug|Any CPU
		{7C93D564-3C1F-41B0-9D00-C416D148957C}.Debug|Any CPU.Build.0 = Debug|Any CPU
		{7C93D564-3C1F-41B0-9D00-C416D148957C}.Release|Any CPU.ActiveCfg = Release|Any CPU
		{7C93D564-3C1F-41B0-9D00-C416D148957C}.Release|Any CPU.Build.0 = Release|Any CPU
		{4FB65EA1-F904-4E30-8F3B-68FAA6A62DE3}.Debug|Any CPU.ActiveCfg = Debug|Any CPU
		{4FB65EA1-F904-4E30-8F3B-68FAA6A62DE3}.Debug|Any CPU.Build.0 = Debug|Any CPU
		{4FB65EA1-F904-4E30-8F3B-68FAA6A62DE3}.Release|Any CPU.ActiveCfg = Release|Any CPU
		{4FB65EA1-F904-4E30-8F3B-68FAA6A62DE3}.Release|Any CPU.Build.0 = Release|Any CPU
		{338E4E5F-DAC0-4159-A158-9B9EA81BD02B}.Debug|Any CPU.ActiveCfg = Debug|Any CPU
		{338E4E5F-DAC0-4159-A158-9B9EA81BD02B}.Debug|Any CPU.Build.0 = Debug|Any CPU
		{338E4E5F-DAC0-4159-A158-9B9EA81BD02B}.Release|Any CPU.ActiveCfg = Release|Any CPU
		{338E4E5F-DAC0-4159-A158-9B9EA81BD02B}.Release|Any CPU.Build.0 = Release|Any CPU
		{FDDCDB1F-B3F9-492A-A4B2-0CDD2F6C629F}.Debug|Any CPU.ActiveCfg = Debug|Any CPU
		{FDDCDB1F-B3F9-492A-A4B2-0CDD2F6C629F}.Debug|Any CPU.Build.0 = Debug|Any CPU
		{FDDCDB1F-B3F9-492A-A4B2-0CDD2F6C629F}.Release|Any CPU.ActiveCfg = Release|Any CPU
		{FDDCDB1F-B3F9-492A-A4B2-0CDD2F6C629F}.Release|Any CPU.Build.0 = Release|Any CPU
		{623566D5-1D4E-42C3-9797-C0E0B54EC7D3}.Debug|Any CPU.ActiveCfg = Debug|Any CPU
		{623566D5-1D4E-42C3-9797-C0E0B54EC7D3}.Debug|Any CPU.Build.0 = Debug|Any CPU
		{623566D5-1D4E-42C3-9797-C0E0B54EC7D3}.Release|Any CPU.ActiveCfg = Release|Any CPU
		{623566D5-1D4E-42C3-9797-C0E0B54EC7D3}.Release|Any CPU.Build.0 = Release|Any CPU
		{D8C867BE-0C2A-4CDA-A62D-DD4AFD69C5C7}.Debug|Any CPU.ActiveCfg = Debug|Any CPU
		{D8C867BE-0C2A-4CDA-A62D-DD4AFD69C5C7}.Debug|Any CPU.Build.0 = Debug|Any CPU
		{D8C867BE-0C2A-4CDA-A62D-DD4AFD69C5C7}.Release|Any CPU.ActiveCfg = Release|Any CPU
		{D8C867BE-0C2A-4CDA-A62D-DD4AFD69C5C7}.Release|Any CPU.Build.0 = Release|Any CPU
		{77BD501D-B8F9-43D9-BD5E-5354D77DB31C}.Debug|Any CPU.ActiveCfg = Debug|Any CPU
		{77BD501D-B8F9-43D9-BD5E-5354D77DB31C}.Debug|Any CPU.Build.0 = Debug|Any CPU
		{77BD501D-B8F9-43D9-BD5E-5354D77DB31C}.Release|Any CPU.ActiveCfg = Release|Any CPU
		{77BD501D-B8F9-43D9-BD5E-5354D77DB31C}.Release|Any CPU.Build.0 = Release|Any CPU
		{BFCA3A75-DDED-42B8-AAE1-757DD805FF89}.Debug|Any CPU.ActiveCfg = Debug|Any CPU
		{BFCA3A75-DDED-42B8-AAE1-757DD805FF89}.Debug|Any CPU.Build.0 = Debug|Any CPU
		{BFCA3A75-DDED-42B8-AAE1-757DD805FF89}.Release|Any CPU.ActiveCfg = Release|Any CPU
		{BFCA3A75-DDED-42B8-AAE1-757DD805FF89}.Release|Any CPU.Build.0 = Release|Any CPU
		{46E4A4B4-AD0B-45C6-9B39-2DC894ACD68A}.Debug|Any CPU.ActiveCfg = Debug|Any CPU
		{46E4A4B4-AD0B-45C6-9B39-2DC894ACD68A}.Debug|Any CPU.Build.0 = Debug|Any CPU
		{46E4A4B4-AD0B-45C6-9B39-2DC894ACD68A}.Release|Any CPU.ActiveCfg = Release|Any CPU
		{46E4A4B4-AD0B-45C6-9B39-2DC894ACD68A}.Release|Any CPU.Build.0 = Release|Any CPU
		{DE8F72C2-9154-4C06-99C8-60E498B9682D}.Debug|Any CPU.ActiveCfg = Debug|Any CPU
		{DE8F72C2-9154-4C06-99C8-60E498B9682D}.Debug|Any CPU.Build.0 = Debug|Any CPU
		{DE8F72C2-9154-4C06-99C8-60E498B9682D}.Release|Any CPU.ActiveCfg = Release|Any CPU
		{DE8F72C2-9154-4C06-99C8-60E498B9682D}.Release|Any CPU.Build.0 = Release|Any CPU
	EndGlobalSection
	GlobalSection(SolutionProperties) = preSolution
		HideSolutionNode = FALSE
	EndGlobalSection
	GlobalSection(NestedProjects) = preSolution
		{42896E13-84E5-49AD-BB39-7B7DE9ED622A} = {6E6EEBF9-BBF1-48B1-B92E-A27B819615C0}
		{BE2A44E0-A73E-4251-BDA5-5A59DDCDA4D9} = {08859420-6E43-4F84-93F4-FEF79E3AA7A3}
		{3F1C3AA8-58F5-4DF8-A162-A5556348697E} = {3288B485-CBFE-4AD2-8EEA-E601B75CAB2B}
		{99A305C3-2DF5-43A4-BD94-60017DD4BE7B} = {3D2BB3D7-3D75-4EB4-9D7E-7A55E111B2D3}
		{E6A045D0-5426-498A-8235-FFA0AF69AB17} = {08859420-6E43-4F84-93F4-FEF79E3AA7A3}
		{E04192CB-0CD9-4C46-9DA1-9AB70BB04E0C} = {08859420-6E43-4F84-93F4-FEF79E3AA7A3}
		{8AD6AB69-DA3F-455B-8ACC-858F605F86EC} = {3288B485-CBFE-4AD2-8EEA-E601B75CAB2B}
		{DF912FB3-42D6-483F-A434-4D1914D6D807} = {08859420-6E43-4F84-93F4-FEF79E3AA7A3}
		{8D2228A5-EA2B-43B8-AB15-06E4FDEB3D83} = {08859420-6E43-4F84-93F4-FEF79E3AA7A3}
		{C7BF1B69-DFE5-4CAB-A780-D2D3889254FB} = {08859420-6E43-4F84-93F4-FEF79E3AA7A3}
		{221290B0-F3E0-454C-9D65-72077FEC3307} = {08859420-6E43-4F84-93F4-FEF79E3AA7A3}
		{DFF1F983-6B86-43AB-8A3B-B9822C367000} = {3288B485-CBFE-4AD2-8EEA-E601B75CAB2B}
		{33CB19BE-292A-4EF9-8E76-A4DFDEE612EC} = {3288B485-CBFE-4AD2-8EEA-E601B75CAB2B}
		{EC1438AC-F11F-4306-BE66-445F13BF51B3} = {08859420-6E43-4F84-93F4-FEF79E3AA7A3}
		{4E6EBF61-4771-4E97-88B0-37FFAC09A183} = {3288B485-CBFE-4AD2-8EEA-E601B75CAB2B}
		{7C93D564-3C1F-41B0-9D00-C416D148957C} = {08859420-6E43-4F84-93F4-FEF79E3AA7A3}
		{4FB65EA1-F904-4E30-8F3B-68FAA6A62DE3} = {3288B485-CBFE-4AD2-8EEA-E601B75CAB2B}
		{338E4E5F-DAC0-4159-A158-9B9EA81BD02B} = {08859420-6E43-4F84-93F4-FEF79E3AA7A3}
		{FDDCDB1F-B3F9-492A-A4B2-0CDD2F6C629F} = {08859420-6E43-4F84-93F4-FEF79E3AA7A3}
		{623566D5-1D4E-42C3-9797-C0E0B54EC7D3} = {3288B485-CBFE-4AD2-8EEA-E601B75CAB2B}
		{D8C867BE-0C2A-4CDA-A62D-DD4AFD69C5C7} = {08859420-6E43-4F84-93F4-FEF79E3AA7A3}
		{77BD501D-B8F9-43D9-BD5E-5354D77DB31C} = {08859420-6E43-4F84-93F4-FEF79E3AA7A3}
		{BFCA3A75-DDED-42B8-AAE1-757DD805FF89} = {08859420-6E43-4F84-93F4-FEF79E3AA7A3}
		{46E4A4B4-AD0B-45C6-9B39-2DC894ACD68A} = {3288B485-CBFE-4AD2-8EEA-E601B75CAB2B}
		{DE8F72C2-9154-4C06-99C8-60E498B9682D} = {08859420-6E43-4F84-93F4-FEF79E3AA7A3}
	EndGlobalSection
	GlobalSection(ExtensibilityGlobals) = postSolution
		SolutionGuid = {62D56D9B-9F28-4C65-A4EA-5AD725BBA01C}
	EndGlobalSection
EndGlobal
